
Microsoft Visual Studio Solution File, Format Version 12.00
# Visual Studio Version 17
VisualStudioVersion = 17.14.36221.1 d17.14
MinimumVisualStudioVersion = 10.0.40219.1
Project("{FAE04EC0-301F-11D3-BF4B-00C04F79EFBC}") = "BeatsPerMinuteOrganizer", "BeatsPerMinuteOrganizer\BeatsPerMinuteOrganizer.csproj", "{CE93A179-E345-4BC4-BED0-317DA0F27357}"
EndProject
Global
	GlobalSection(SolutionConfigurationPlatforms) = preSolution
		Debug|Any CPU = Debug|Any CPU
		Release|Any CPU = Release|Any CPU
	EndGlobalSection
	GlobalSection(ProjectConfigurationPlatforms) = postSolution
		{CE93A179-E345-4BC4-BED0-317DA0F27357}.Debug|Any CPU.ActiveCfg = Debug|Any CPU
		{CE93A179-E345-4BC4-BED0-317DA0F27357}.Debug|Any CPU.Build.0 = Debug|Any CPU
		{CE93A179-E345-4BC4-BED0-317DA0F27357}.Release|Any CPU.ActiveCfg = Release|Any CPU
		{CE93A179-E345-4BC4-BED0-317DA0F27357}.Release|Any CPU.Build.0 = Release|Any CPU
	EndGlobalSection
	GlobalSection(SolutionProperties) = preSolution
		HideSolutionNode = FALSE
	EndGlobalSection
	GlobalSection(ExtensibilityGlobals) = postSolution
		SolutionGuid = {EA81477E-358B-4E74-8455-D174C473C4D8}
	EndGlobalSection
EndGlobal
